// !$*UTF8*$!
{
	archiveVersion = 1;
	classes = {
	};
	objectVersion = 56;
	objects = {

/* Begin PBXBuildFile section */
		1E6BB1942A2491E100CE7249 /* DatabaseManager.swift in Sources */ = {isa = PBXBuildFile; fileRef = 1E6BB1932A2491E100CE7249 /* DatabaseManager.swift */; };
		1E6BB1962A24ABC900CE7249 /* TraditionsViewController.swift in Sources */ = {isa = PBXBuildFile; fileRef = 1E6BB1952A24ABC900CE7249 /* TraditionsViewController.swift */; };
		1E6BB19A2A24AC0400CE7249 /* FavoritesViewController.swift in Sources */ = {isa = PBXBuildFile; fileRef = 1E6BB1992A24AC0400CE7249 /* FavoritesViewController.swift */; };
		1E77E4CD2A24C6E100992114 /* Traditions.json in Resources */ = {isa = PBXBuildFile; fileRef = 1E77E4CC2A24C6E100992114 /* Traditions.json */; };
		1E77E4D02A24DDA500992114 /* TradTableViewController.swift in Sources */ = {isa = PBXBuildFile; fileRef = 1E77E4CF2A24DDA500992114 /* TradTableViewController.swift */; };
		1E77E4D22A24DE4600992114 /* Tradition.swift in Sources */ = {isa = PBXBuildFile; fileRef = 1E77E4D12A24DE4600992114 /* Tradition.swift */; };
		1E77E4D52A24DE9200992114 /* File.swift in Sources */ = {isa = PBXBuildFile; fileRef = 1E77E4D42A24DE9200992114 /* File.swift */; };
		1E77E4D82A24DF5400992114 /* DetailViewController.swift in Sources */ = {isa = PBXBuildFile; fileRef = 1E77E4D72A24DF5400992114 /* DetailViewController.swift */; };
		1E77E4EA2A24DFAE00992114 /* egg_benedict.jpg in Resources */ = {isa = PBXBuildFile; fileRef = 1E77E4DA2A24DFAE00992114 /* egg_benedict.jpg */; };
		1E77E4EB2A24DFAE00992114 /* thai_shrimp_cake.jpg in Resources */ = {isa = PBXBuildFile; fileRef = 1E77E4DB2A24DFAE00992114 /* thai_shrimp_cake.jpg */; };
		1E77E4EC2A24DFAE00992114 /* vegetable_curry.jpg in Resources */ = {isa = PBXBuildFile; fileRef = 1E77E4DC2A24DFAE00992114 /* vegetable_curry.jpg */; };
		1E77E4ED2A24DFAE00992114 /* green_tea.jpg in Resources */ = {isa = PBXBuildFile; fileRef = 1E77E4DD2A24DFAE00992114 /* green_tea.jpg */; };
		1E77E4EE2A24DFAE00992114 /* white_chocolate_donut.jpg in Resources */ = {isa = PBXBuildFile; fileRef = 1E77E4DE2A24DFAE00992114 /* white_chocolate_donut.jpg */; };
		1E77E4EF2A24DFAE00992114 /* ham_and_egg_sandwich.jpg in Resources */ = {isa = PBXBuildFile; fileRef = 1E77E4DF2A24DFAE00992114 /* ham_and_egg_sandwich.jpg */; };
		1E77E4F02A24DFAE00992114 /* creme_brelee.jpg in Resources */ = {isa = PBXBuildFile; fileRef = 1E77E4E02A24DFAE00992114 /* creme_brelee.jpg */; };
		1E77E4F12A24DFAE00992114 /* hamburger.jpg in Resources */ = {isa = PBXBuildFile; fileRef = 1E77E4E12A24DFAE00992114 /* hamburger.jpg */; };
		1E77E4F22A24DFAE00992114 /* angry_birds_cake.jpg in Resources */ = {isa = PBXBuildFile; fileRef = 1E77E4E22A24DFAE00992114 /* angry_birds_cake.jpg */; };
		1E77E4F32A24DFAE00992114 /* full_breakfast.jpg in Resources */ = {isa = PBXBuildFile; fileRef = 1E77E4E32A24DFAE00992114 /* full_breakfast.jpg */; };
		1E77E4F42A24DFAE00992114 /* mushroom_risotto.jpg in Resources */ = {isa = PBXBuildFile; fileRef = 1E77E4E42A24DFAE00992114 /* mushroom_risotto.jpg */; };
		1E77E4F52A24DFAE00992114 /* starbucks_coffee.jpg in Resources */ = {isa = PBXBuildFile; fileRef = 1E77E4E52A24DFAE00992114 /* starbucks_coffee.jpg */; };
		1E77E4F62A24DFAE00992114 /* japanese_noodle_with_pork.jpg in Resources */ = {isa = PBXBuildFile; fileRef = 1E77E4E62A24DFAE00992114 /* japanese_noodle_with_pork.jpg */; };
		1E77E4F72A24DFAE00992114 /* instant_noodle_with_egg.jpg in Resources */ = {isa = PBXBuildFile; fileRef = 1E77E4E72A24DFAE00992114 /* instant_noodle_with_egg.jpg */; };
		1E77E4F82A24DFAE00992114 /* ham_and_cheese_panini.jpg in Resources */ = {isa = PBXBuildFile; fileRef = 1E77E4E82A24DFAE00992114 /* ham_and_cheese_panini.jpg */; };
		1E77E4F92A24DFAE00992114 /* noodle_with_bbq_pork.jpg in Resources */ = {isa = PBXBuildFile; fileRef = 1E77E4E92A24DFAE00992114 /* noodle_with_bbq_pork.jpg */; };
		1E77E4FC2A24F58E00992114 /* CommentsControllerCollectionViewController.swift in Sources */ = {isa = PBXBuildFile; fileRef = 1E77E4FB2A24F58E00992114 /* CommentsControllerCollectionViewController.swift */; };
		1E7A48C82A1F899900785615 /* AppDelegate.swift in Sources */ = {isa = PBXBuildFile; fileRef = 1E7A48C72A1F899900785615 /* AppDelegate.swift */; };
		1E7A48CA2A1F899900785615 /* SceneDelegate.swift in Sources */ = {isa = PBXBuildFile; fileRef = 1E7A48C92A1F899900785615 /* SceneDelegate.swift */; };
		1E7A48CC2A1F899900785615 /* MainPageViewController.swift in Sources */ = {isa = PBXBuildFile; fileRef = 1E7A48CB2A1F899900785615 /* MainPageViewController.swift */; };
		1E7A48CF2A1F899900785615 /* Main.storyboard in Resources */ = {isa = PBXBuildFile; fileRef = 1E7A48CD2A1F899900785615 /* Main.storyboard */; };
		1E7A48D12A1F899B00785615 /* Assets.xcassets in Resources */ = {isa = PBXBuildFile; fileRef = 1E7A48D02A1F899B00785615 /* Assets.xcassets */; };
		1E7A48D42A1F899B00785615 /* LaunchScreen.storyboard in Resources */ = {isa = PBXBuildFile; fileRef = 1E7A48D22A1F899B00785615 /* LaunchScreen.storyboard */; };
		1E7A48E22A1F8DAB00785615 /* LoginViewController.swift in Sources */ = {isa = PBXBuildFile; fileRef = 1E7A48E12A1F8DAB00785615 /* LoginViewController.swift */; };
		1E7A48E42A1F8DB800785615 /* RegisterViewController.swift in Sources */ = {isa = PBXBuildFile; fileRef = 1E7A48E32A1F8DB800785615 /* RegisterViewController.swift */; };
		1E7A48E62A1F8DE100785615 /* PhotoViewerViewController.swift in Sources */ = {isa = PBXBuildFile; fileRef = 1E7A48E52A1F8DE100785615 /* PhotoViewerViewController.swift */; };
		1E7A48E82A1F8E0800785615 /* VideoPlayerViewController.swift in Sources */ = {isa = PBXBuildFile; fileRef = 1E7A48E72A1F8E0800785615 /* VideoPlayerViewController.swift */; };
		1E7A48EB2A1F8E4300785615 /* ProfileViewController.swift in Sources */ = {isa = PBXBuildFile; fileRef = 1E7A48EA2A1F8E4300785615 /* ProfileViewController.swift */; };
		1E7A48ED2A1F963D00785615 /* Extensions.swift in Sources */ = {isa = PBXBuildFile; fileRef = 1E7A48EC2A1F963D00785615 /* Extensions.swift */; };
		1E7A48F22A21349800785615 /* LoginTextField.swift in Sources */ = {isa = PBXBuildFile; fileRef = 1E7A48F12A21349800785615 /* LoginTextField.swift */; };
		1E9C66EE2A2271E700655577 /* GoogleService-Info.plist in Resources */ = {isa = PBXBuildFile; fileRef = 1E9C66ED2A2271E700655577 /* GoogleService-Info.plist */; };
		2137CC2A64D8F5B7620E8544 /* Pods_LogInLogUp.framework in Frameworks */ = {isa = PBXBuildFile; fileRef = D17F3105807D27846551749B /* Pods_LogInLogUp.framework */; };
/* End PBXBuildFile section */

/* Begin PBXFileReference section */
		1E6BB1932A2491E100CE7249 /* DatabaseManager.swift */ = {isa = PBXFileReference; lastKnownFileType = sourcecode.swift; path = DatabaseManager.swift; sourceTree = "<group>"; };
		1E6BB1952A24ABC900CE7249 /* TraditionsViewController.swift */ = {isa = PBXFileReference; lastKnownFileType = sourcecode.swift; path = TraditionsViewController.swift; sourceTree = "<group>"; };
		1E6BB1992A24AC0400CE7249 /* FavoritesViewController.swift */ = {isa = PBXFileReference; lastKnownFileType = sourcecode.swift; path = FavoritesViewController.swift; sourceTree = "<group>"; };
		1E77E4CC2A24C6E100992114 /* Traditions.json */ = {isa = PBXFileReference; fileEncoding = 4; lastKnownFileType = text.json; path = Traditions.json; sourceTree = "<group>"; };
		1E77E4CF2A24DDA500992114 /* TradTableViewController.swift */ = {isa = PBXFileReference; lastKnownFileType = sourcecode.swift; path = TradTableViewController.swift; sourceTree = "<group>"; };
		1E77E4D12A24DE4600992114 /* Tradition.swift */ = {isa = PBXFileReference; lastKnownFileType = sourcecode.swift; path = Tradition.swift; sourceTree = "<group>"; };
		1E77E4D42A24DE9200992114 /* File.swift */ = {isa = PBXFileReference; lastKnownFileType = sourcecode.swift; path = File.swift; sourceTree = "<group>"; };
		1E77E4D72A24DF5400992114 /* DetailViewController.swift */ = {isa = PBXFileReference; lastKnownFileType = sourcecode.swift; path = DetailViewController.swift; sourceTree = "<group>"; };
		1E77E4DA2A24DFAE00992114 /* egg_benedict.jpg */ = {isa = PBXFileReference; lastKnownFileType = image.jpeg; path = egg_benedict.jpg; sourceTree = "<group>"; };
		1E77E4DB2A24DFAE00992114 /* thai_shrimp_cake.jpg */ = {isa = PBXFileReference; lastKnownFileType = image.jpeg; path = thai_shrimp_cake.jpg; sourceTree = "<group>"; };
		1E77E4DC2A24DFAE00992114 /* vegetable_curry.jpg */ = {isa = PBXFileReference; lastKnownFileType = image.jpeg; path = vegetable_curry.jpg; sourceTree = "<group>"; };
		1E77E4DD2A24DFAE00992114 /* green_tea.jpg */ = {isa = PBXFileReference; lastKnownFileType = image.jpeg; path = green_tea.jpg; sourceTree = "<group>"; };
		1E77E4DE2A24DFAE00992114 /* white_chocolate_donut.jpg */ = {isa = PBXFileReference; lastKnownFileType = image.jpeg; path = white_chocolate_donut.jpg; sourceTree = "<group>"; };
		1E77E4DF2A24DFAE00992114 /* ham_and_egg_sandwich.jpg */ = {isa = PBXFileReference; lastKnownFileType = image.jpeg; path = ham_and_egg_sandwich.jpg; sourceTree = "<group>"; };
		1E77E4E02A24DFAE00992114 /* creme_brelee.jpg */ = {isa = PBXFileReference; lastKnownFileType = image.jpeg; path = creme_brelee.jpg; sourceTree = "<group>"; };
		1E77E4E12A24DFAE00992114 /* hamburger.jpg */ = {isa = PBXFileReference; lastKnownFileType = image.jpeg; path = hamburger.jpg; sourceTree = "<group>"; };
		1E77E4E22A24DFAE00992114 /* angry_birds_cake.jpg */ = {isa = PBXFileReference; lastKnownFileType = image.jpeg; path = angry_birds_cake.jpg; sourceTree = "<group>"; };
		1E77E4E32A24DFAE00992114 /* full_breakfast.jpg */ = {isa = PBXFileReference; lastKnownFileType = image.jpeg; path = full_breakfast.jpg; sourceTree = "<group>"; };
		1E77E4E42A24DFAE00992114 /* mushroom_risotto.jpg */ = {isa = PBXFileReference; lastKnownFileType = image.jpeg; path = mushroom_risotto.jpg; sourceTree = "<group>"; };
		1E77E4E52A24DFAE00992114 /* starbucks_coffee.jpg */ = {isa = PBXFileReference; lastKnownFileType = image.jpeg; path = starbucks_coffee.jpg; sourceTree = "<group>"; };
		1E77E4E62A24DFAE00992114 /* japanese_noodle_with_pork.jpg */ = {isa = PBXFileReference; lastKnownFileType = image.jpeg; path = japanese_noodle_with_pork.jpg; sourceTree = "<group>"; };
		1E77E4E72A24DFAE00992114 /* instant_noodle_with_egg.jpg */ = {isa = PBXFileReference; lastKnownFileType = image.jpeg; path = instant_noodle_with_egg.jpg; sourceTree = "<group>"; };
		1E77E4E82A24DFAE00992114 /* ham_and_cheese_panini.jpg */ = {isa = PBXFileReference; lastKnownFileType = image.jpeg; path = ham_and_cheese_panini.jpg; sourceTree = "<group>"; };
		1E77E4E92A24DFAE00992114 /* noodle_with_bbq_pork.jpg */ = {isa = PBXFileReference; lastKnownFileType = image.jpeg; path = noodle_with_bbq_pork.jpg; sourceTree = "<group>"; };
		1E77E4FB2A24F58E00992114 /* CommentsControllerCollectionViewController.swift */ = {isa = PBXFileReference; lastKnownFileType = sourcecode.swift; path = CommentsControllerCollectionViewController.swift; sourceTree = "<group>"; };
		1E7A48C42A1F899900785615 /* LogInLogUp.app */ = {isa = PBXFileReference; explicitFileType = wrapper.application; includeInIndex = 0; path = LogInLogUp.app; sourceTree = BUILT_PRODUCTS_DIR; };
		1E7A48C72A1F899900785615 /* AppDelegate.swift */ = {isa = PBXFileReference; lastKnownFileType = sourcecode.swift; path = AppDelegate.swift; sourceTree = "<group>"; };
		1E7A48C92A1F899900785615 /* SceneDelegate.swift */ = {isa = PBXFileReference; lastKnownFileType = sourcecode.swift; path = SceneDelegate.swift; sourceTree = "<group>"; };
		1E7A48CB2A1F899900785615 /* MainPageViewController.swift */ = {isa = PBXFileReference; lastKnownFileType = sourcecode.swift; path = MainPageViewController.swift; sourceTree = "<group>"; };
		1E7A48CE2A1F899900785615 /* Base */ = {isa = PBXFileReference; lastKnownFileType = file.storyboard; name = Base; path = Base.lproj/Main.storyboard; sourceTree = "<group>"; };
		1E7A48D02A1F899B00785615 /* Assets.xcassets */ = {isa = PBXFileReference; lastKnownFileType = folder.assetcatalog; path = Assets.xcassets; sourceTree = "<group>"; };
		1E7A48D32A1F899B00785615 /* Base */ = {isa = PBXFileReference; lastKnownFileType = file.storyboard; name = Base; path = Base.lproj/LaunchScreen.storyboard; sourceTree = "<group>"; };
		1E7A48D52A1F899B00785615 /* Info.plist */ = {isa = PBXFileReference; lastKnownFileType = text.plist.xml; path = Info.plist; sourceTree = "<group>"; };
		1E7A48E12A1F8DAB00785615 /* LoginViewController.swift */ = {isa = PBXFileReference; lastKnownFileType = sourcecode.swift; path = LoginViewController.swift; sourceTree = "<group>"; };
		1E7A48E32A1F8DB800785615 /* RegisterViewController.swift */ = {isa = PBXFileReference; lastKnownFileType = sourcecode.swift; path = RegisterViewController.swift; sourceTree = "<group>"; };
		1E7A48E52A1F8DE100785615 /* PhotoViewerViewController.swift */ = {isa = PBXFileReference; lastKnownFileType = sourcecode.swift; path = PhotoViewerViewController.swift; sourceTree = "<group>"; };
		1E7A48E72A1F8E0800785615 /* VideoPlayerViewController.swift */ = {isa = PBXFileReference; lastKnownFileType = sourcecode.swift; path = VideoPlayerViewController.swift; sourceTree = "<group>"; };
		1E7A48EA2A1F8E4300785615 /* ProfileViewController.swift */ = {isa = PBXFileReference; lastKnownFileType = sourcecode.swift; path = ProfileViewController.swift; sourceTree = "<group>"; };
		1E7A48EC2A1F963D00785615 /* Extensions.swift */ = {isa = PBXFileReference; lastKnownFileType = sourcecode.swift; path = Extensions.swift; sourceTree = "<group>"; };
		1E7A48F12A21349800785615 /* LoginTextField.swift */ = {isa = PBXFileReference; lastKnownFileType = sourcecode.swift; path = LoginTextField.swift; sourceTree = "<group>"; };
		1E9C66ED2A2271E700655577 /* GoogleService-Info.plist */ = {isa = PBXFileReference; fileEncoding = 4; lastKnownFileType = text.plist.xml; path = "GoogleService-Info.plist"; sourceTree = "<group>"; };
		2B4EEC92A65B208449606B48 /* Pods-LogInLogUp.debug.xcconfig */ = {isa = PBXFileReference; includeInIndex = 1; lastKnownFileType = text.xcconfig; name = "Pods-LogInLogUp.debug.xcconfig"; path = "Target Support Files/Pods-LogInLogUp/Pods-LogInLogUp.debug.xcconfig"; sourceTree = "<group>"; };
		7EFE637EC76C7A4F794988E3 /* Pods-LogInLogUp.release.xcconfig */ = {isa = PBXFileReference; includeInIndex = 1; lastKnownFileType = text.xcconfig; name = "Pods-LogInLogUp.release.xcconfig"; path = "Target Support Files/Pods-LogInLogUp/Pods-LogInLogUp.release.xcconfig"; sourceTree = "<group>"; };
		D17F3105807D27846551749B /* Pods_LogInLogUp.framework */ = {isa = PBXFileReference; explicitFileType = wrapper.framework; includeInIndex = 0; path = Pods_LogInLogUp.framework; sourceTree = BUILT_PRODUCTS_DIR; };
/* End PBXFileReference section */

/* Begin PBXFrameworksBuildPhase section */
		1E7A48C12A1F899900785615 /* Frameworks */ = {
			isa = PBXFrameworksBuildPhase;
			buildActionMask = 2147483647;
			files = (
				2137CC2A64D8F5B7620E8544 /* Pods_LogInLogUp.framework in Frameworks */,
			);
			runOnlyForDeploymentPostprocessing = 0;
		};
/* End PBXFrameworksBuildPhase section */

/* Begin PBXGroup section */
		161FF470C959839F74F6F0A6 /* Frameworks */ = {
			isa = PBXGroup;
			children = (
				D17F3105807D27846551749B /* Pods_LogInLogUp.framework */,
			);
			name = Frameworks;
			sourceTree = "<group>";
		};
		1E77E4CE2A24DD8000992114 /* Traditions */ = {
			isa = PBXGroup;
			children = (
				1E77E4D62A24DF4000992114 /* Scenes */,
				1E6BB1952A24ABC900CE7249 /* TraditionsViewController.swift */,
			);
			path = Traditions;
			sourceTree = "<group>";
		};
		1E77E4D32A24DE8100992114 /* Assets */ = {
			isa = PBXGroup;
			children = (
				1E7A48D02A1F899B00785615 /* Assets.xcassets */,
			);
			path = Assets;
			sourceTree = "<group>";
		};
		1E77E4D62A24DF4000992114 /* Scenes */ = {
			isa = PBXGroup;
			children = (
				1E77E4CF2A24DDA500992114 /* TradTableViewController.swift */,
				1E77E4D72A24DF5400992114 /* DetailViewController.swift */,
			);
			path = Scenes;
			sourceTree = "<group>";
		};
		1E77E4D92A24DFAE00992114 /* Images */ = {
			isa = PBXGroup;
			children = (
				1E77E4DA2A24DFAE00992114 /* egg_benedict.jpg */,
				1E77E4DB2A24DFAE00992114 /* thai_shrimp_cake.jpg */,
				1E77E4DC2A24DFAE00992114 /* vegetable_curry.jpg */,
				1E77E4DD2A24DFAE00992114 /* green_tea.jpg */,
				1E77E4DE2A24DFAE00992114 /* white_chocolate_donut.jpg */,
				1E77E4DF2A24DFAE00992114 /* ham_and_egg_sandwich.jpg */,
				1E77E4E02A24DFAE00992114 /* creme_brelee.jpg */,
				1E77E4E12A24DFAE00992114 /* hamburger.jpg */,
				1E77E4E22A24DFAE00992114 /* angry_birds_cake.jpg */,
				1E77E4E32A24DFAE00992114 /* full_breakfast.jpg */,
				1E77E4E42A24DFAE00992114 /* mushroom_risotto.jpg */,
				1E77E4E52A24DFAE00992114 /* starbucks_coffee.jpg */,
				1E77E4E62A24DFAE00992114 /* japanese_noodle_with_pork.jpg */,
				1E77E4E72A24DFAE00992114 /* instant_noodle_with_egg.jpg */,
				1E77E4E82A24DFAE00992114 /* ham_and_cheese_panini.jpg */,
				1E77E4E92A24DFAE00992114 /* noodle_with_bbq_pork.jpg */,
			);
			path = Images;
			sourceTree = "<group>";
		};
		1E77E4FA2A24F56A00992114 /* Comment */ = {
			isa = PBXGroup;
			children = (
				1E77E4FB2A24F58E00992114 /* CommentsControllerCollectionViewController.swift */,
			);
			path = Comment;
			sourceTree = "<group>";
		};
		1E7A48BB2A1F899900785615 = {
			isa = PBXGroup;
			children = (
				1E7A48C62A1F899900785615 /* LogInLogUp */,
				1E7A48C52A1F899900785615 /* Products */,
				7EA1B58837C02CB4249D049A /* Pods */,
				161FF470C959839F74F6F0A6 /* Frameworks */,
			);
			sourceTree = "<group>";
		};
		1E7A48C52A1F899900785615 /* Products */ = {
			isa = PBXGroup;
			children = (
				1E7A48C42A1F899900785615 /* LogInLogUp.app */,
			);
			name = Products;
			sourceTree = "<group>";
		};
		1E7A48C62A1F899900785615 /* LogInLogUp */ = {
			isa = PBXGroup;
			children = (
				1E7A48DB2A1F8C5700785615 /* Controllers */,
				1E7A48DC2A1F8C5F00785615 /* Views */,
				1E7A48DD2A1F8C6F00785615 /* ViewModels */,
				1E7A48DE2A1F8C8500785615 /* Resources */,
				1E7A48E02A1F8CB200785615 /* Models */,
				1E77E4CC2A24C6E100992114 /* Traditions.json */,
				1E9C66ED2A2271E700655577 /* GoogleService-Info.plist */,
				1E7A48D52A1F899B00785615 /* Info.plist */,
			);
			path = LogInLogUp;
			sourceTree = "<group>";
		};
		1E7A48DB2A1F8C5700785615 /* Controllers */ = {
			isa = PBXGroup;
			children = (
				1E77E4FA2A24F56A00992114 /* Comment */,
				1E7A48EE2A20DFDA00785615 /* Auth */,
				1E77E4CE2A24DD8000992114 /* Traditions */,
				1E7A48CB2A1F899900785615 /* MainPageViewController.swift */,
				1E7A48E52A1F8DE100785615 /* PhotoViewerViewController.swift */,
				1E7A48E72A1F8E0800785615 /* VideoPlayerViewController.swift */,
				1E7A48EA2A1F8E4300785615 /* ProfileViewController.swift */,
				1E6BB1992A24AC0400CE7249 /* FavoritesViewController.swift */,
			);
			path = Controllers;
			sourceTree = "<group>";
		};
		1E7A48DC2A1F8C5F00785615 /* Views */ = {
			isa = PBXGroup;
			children = (
				1E77E4D92A24DFAE00992114 /* Images */,
				1E77E4D42A24DE9200992114 /* File.swift */,
				1E77E4D32A24DE8100992114 /* Assets */,
				1E7A48DF2A1F8C9600785615 /* Storyboards */,
			);
			path = Views;
			sourceTree = "<group>";
		};
		1E7A48DD2A1F8C6F00785615 /* ViewModels */ = {
			isa = PBXGroup;
			children = (
			);
			path = ViewModels;
			sourceTree = "<group>";
		};
		1E7A48DE2A1F8C8500785615 /* Resources */ = {
			isa = PBXGroup;
			children = (
				1E7A48C72A1F899900785615 /* AppDelegate.swift */,
				1E7A48C92A1F899900785615 /* SceneDelegate.swift */,
				1E7A48EC2A1F963D00785615 /* Extensions.swift */,
				1E6BB1932A2491E100CE7249 /* DatabaseManager.swift */,
			);
			path = Resources;
			sourceTree = "<group>";
		};
		1E7A48DF2A1F8C9600785615 /* Storyboards */ = {
			isa = PBXGroup;
			children = (
				1E7A48CD2A1F899900785615 /* Main.storyboard */,
				1E7A48D22A1F899B00785615 /* LaunchScreen.storyboard */,
			);
			path = Storyboards;
			sourceTree = "<group>";
		};
		1E7A48E02A1F8CB200785615 /* Models */ = {
			isa = PBXGroup;
			children = (
				1E77E4D12A24DE4600992114 /* Tradition.swift */,
			);
			path = Models;
			sourceTree = "<group>";
		};
		1E7A48EE2A20DFDA00785615 /* Auth */ = {
			isa = PBXGroup;
			children = (
				1E7A48F02A21347100785615 /* Logup */,
				1E7A48EF2A21346800785615 /* Login */,
			);
			path = Auth;
			sourceTree = "<group>";
		};
		1E7A48EF2A21346800785615 /* Login */ = {
			isa = PBXGroup;
			children = (
				1E7A48E12A1F8DAB00785615 /* LoginViewController.swift */,
				1E7A48F12A21349800785615 /* LoginTextField.swift */,
			);
			path = Login;
			sourceTree = "<group>";
		};
		1E7A48F02A21347100785615 /* Logup */ = {
			isa = PBXGroup;
			children = (
				1E7A48E32A1F8DB800785615 /* RegisterViewController.swift */,
			);
			path = Logup;
			sourceTree = "<group>";
		};
		7EA1B58837C02CB4249D049A /* Pods */ = {
			isa = PBXGroup;
			children = (
				2B4EEC92A65B208449606B48 /* Pods-LogInLogUp.debug.xcconfig */,
				7EFE637EC76C7A4F794988E3 /* Pods-LogInLogUp.release.xcconfig */,
			);
			path = Pods;
			sourceTree = "<group>";
		};
/* End PBXGroup section */

/* Begin PBXNativeTarget section */
		1E7A48C32A1F899900785615 /* LogInLogUp */ = {
			isa = PBXNativeTarget;
			buildConfigurationList = 1E7A48D82A1F899B00785615 /* Build configuration list for PBXNativeTarget "LogInLogUp" */;
			buildPhases = (
				3293310A0CD5C3D3ECDCDA13 /* [CP] Check Pods Manifest.lock */,
				1E7A48C02A1F899900785615 /* Sources */,
				1E7A48C12A1F899900785615 /* Frameworks */,
				1E7A48C22A1F899900785615 /* Resources */,
				1E66C00D931F0AF383C2095E /* [CP] Embed Pods Frameworks */,
			);
			buildRules = (
			);
			dependencies = (
			);
			name = LogInLogUp;
			productName = LogInLogUp;
			productReference = 1E7A48C42A1F899900785615 /* LogInLogUp.app */;
			productType = "com.apple.product-type.application";
		};
/* End PBXNativeTarget section */

/* Begin PBXProject section */
		1E7A48BC2A1F899900785615 /* Project object */ = {
			isa = PBXProject;
			attributes = {
				BuildIndependentTargetsInParallel = 1;
				LastSwiftUpdateCheck = 1430;
				LastUpgradeCheck = 1430;
				TargetAttributes = {
					1E7A48C32A1F899900785615 = {
						CreatedOnToolsVersion = 14.3;
					};
				};
			};
			buildConfigurationList = 1E7A48BF2A1F899900785615 /* Build configuration list for PBXProject "LogInLogUp" */;
			compatibilityVersion = "Xcode 14.0";
			developmentRegion = en;
			hasScannedForEncodings = 0;
			knownRegions = (
				en,
				Base,
			);
			mainGroup = 1E7A48BB2A1F899900785615;
			productRefGroup = 1E7A48C52A1F899900785615 /* Products */;
			projectDirPath = "";
			projectRoot = "";
			targets = (
				1E7A48C32A1F899900785615 /* LogInLogUp */,
			);
		};
/* End PBXProject section */

/* Begin PBXResourcesBuildPhase section */
		1E7A48C22A1F899900785615 /* Resources */ = {
			isa = PBXResourcesBuildPhase;
			buildActionMask = 2147483647;
			files = (
				1E77E4F42A24DFAE00992114 /* mushroom_risotto.jpg in Resources */,
				1E7A48D42A1F899B00785615 /* LaunchScreen.storyboard in Resources */,
				1E9C66EE2A2271E700655577 /* GoogleService-Info.plist in Resources */,
				1E77E4F62A24DFAE00992114 /* japanese_noodle_with_pork.jpg in Resources */,
				1E7A48D12A1F899B00785615 /* Assets.xcassets in Resources */,
				1E77E4EF2A24DFAE00992114 /* ham_and_egg_sandwich.jpg in Resources */,
				1E77E4F12A24DFAE00992114 /* hamburger.jpg in Resources */,
				1E77E4F32A24DFAE00992114 /* full_breakfast.jpg in Resources */,
				1E77E4EE2A24DFAE00992114 /* white_chocolate_donut.jpg in Resources */,
				1E77E4F92A24DFAE00992114 /* noodle_with_bbq_pork.jpg in Resources */,
				1E77E4F52A24DFAE00992114 /* starbucks_coffee.jpg in Resources */,
				1E77E4F82A24DFAE00992114 /* ham_and_cheese_panini.jpg in Resources */,
				1E77E4F22A24DFAE00992114 /* angry_birds_cake.jpg in Resources */,
				1E77E4F02A24DFAE00992114 /* creme_brelee.jpg in Resources */,
				1E77E4F72A24DFAE00992114 /* instant_noodle_with_egg.jpg in Resources */,
				1E77E4CD2A24C6E100992114 /* Traditions.json in Resources */,
				1E7A48CF2A1F899900785615 /* Main.storyboard in Resources */,
				1E77E4EC2A24DFAE00992114 /* vegetable_curry.jpg in Resources */,
				1E77E4ED2A24DFAE00992114 /* green_tea.jpg in Resources */,
				1E77E4EA2A24DFAE00992114 /* egg_benedict.jpg in Resources */,
				1E77E4EB2A24DFAE00992114 /* thai_shrimp_cake.jpg in Resources */,
			);
			runOnlyForDeploymentPostprocessing = 0;
		};
/* End PBXResourcesBuildPhase section */

/* Begin PBXShellScriptBuildPhase section */
		1E66C00D931F0AF383C2095E /* [CP] Embed Pods Frameworks */ = {
			isa = PBXShellScriptBuildPhase;
			buildActionMask = 2147483647;
			files = (
			);
			inputFileListPaths = (
				"${PODS_ROOT}/Target Support Files/Pods-LogInLogUp/Pods-LogInLogUp-frameworks-${CONFIGURATION}-input-files.xcfilelist",
			);
			name = "[CP] Embed Pods Frameworks";
			outputFileListPaths = (
				"${PODS_ROOT}/Target Support Files/Pods-LogInLogUp/Pods-LogInLogUp-frameworks-${CONFIGURATION}-output-files.xcfilelist",
			);
			runOnlyForDeploymentPostprocessing = 0;
			shellPath = /bin/sh;
			shellScript = "\"${PODS_ROOT}/Target Support Files/Pods-LogInLogUp/Pods-LogInLogUp-frameworks.sh\"\n";
			showEnvVarsInLog = 0;
		};
		3293310A0CD5C3D3ECDCDA13 /* [CP] Check Pods Manifest.lock */ = {
			isa = PBXShellScriptBuildPhase;
			buildActionMask = 2147483647;
			files = (
			);
			inputFileListPaths = (
			);
			inputPaths = (
				"${PODS_PODFILE_DIR_PATH}/Podfile.lock",
				"${PODS_ROOT}/Manifest.lock",
			);
			name = "[CP] Check Pods Manifest.lock";
			outputFileListPaths = (
			);
			outputPaths = (
				"$(DERIVED_FILE_DIR)/Pods-LogInLogUp-checkManifestLockResult.txt",
			);
			runOnlyForDeploymentPostprocessing = 0;
			shellPath = /bin/sh;
			shellScript = "diff \"${PODS_PODFILE_DIR_PATH}/Podfile.lock\" \"${PODS_ROOT}/Manifest.lock\" > /dev/null\nif [ $? != 0 ] ; then\n    # print error to STDERR\n    echo \"error: The sandbox is not in sync with the Podfile.lock. Run 'pod install' or update your CocoaPods installation.\" >&2\n    exit 1\nfi\n# This output is used by Xcode 'outputs' to avoid re-running this script phase.\necho \"SUCCESS\" > \"${SCRIPT_OUTPUT_FILE_0}\"\n";
			showEnvVarsInLog = 0;
		};
/* End PBXShellScriptBuildPhase section */

/* Begin PBXSourcesBuildPhase section */
		1E7A48C02A1F899900785615 /* Sources */ = {
			isa = PBXSourcesBuildPhase;
			buildActionMask = 2147483647;
			files = (
				1E6BB19A2A24AC0400CE7249 /* FavoritesViewController.swift in Sources */,
				1E77E4D82A24DF5400992114 /* DetailViewController.swift in Sources */,
				1E7A48E22A1F8DAB00785615 /* LoginViewController.swift in Sources */,
				1E6BB1942A2491E100CE7249 /* DatabaseManager.swift in Sources */,
				1E7A48ED2A1F963D00785615 /* Extensions.swift in Sources */,
				1E7A48E42A1F8DB800785615 /* RegisterViewController.swift in Sources */,
				1E77E4D52A24DE9200992114 /* File.swift in Sources */,
				1E7A48CC2A1F899900785615 /* MainPageViewController.swift in Sources */,
				1E6BB1962A24ABC900CE7249 /* TraditionsViewController.swift in Sources */,
				1E7A48E82A1F8E0800785615 /* VideoPlayerViewController.swift in Sources */,
				1E77E4D02A24DDA500992114 /* TradTableViewController.swift in Sources */,
				1E7A48C82A1F899900785615 /* AppDelegate.swift in Sources */,
				1E7A48CA2A1F899900785615 /* SceneDelegate.swift in Sources */,
				1E77E4D22A24DE4600992114 /* Tradition.swift in Sources */,
				1E7A48EB2A1F8E4300785615 /* ProfileViewController.swift in Sources */,
				1E7A48E62A1F8DE100785615 /* PhotoViewerViewController.swift in Sources */,
				1E77E4FC2A24F58E00992114 /* CommentsControllerCollectionViewController.swift in Sources */,
				1E7A48F22A21349800785615 /* LoginTextField.swift in Sources */,
			);
			runOnlyForDeploymentPostprocessing = 0;
		};
/* End PBXSourcesBuildPhase section */

/* Begin PBXVariantGroup section */
		1E7A48CD2A1F899900785615 /* Main.storyboard */ = {
			isa = PBXVariantGroup;
			children = (
				1E7A48CE2A1F899900785615 /* Base */,
			);
			name = Main.storyboard;
			sourceTree = "<group>";
		};
		1E7A48D22A1F899B00785615 /* LaunchScreen.storyboard */ = {
			isa = PBXVariantGroup;
			children = (
				1E7A48D32A1F899B00785615 /* Base */,
			);
			name = LaunchScreen.storyboard;
			sourceTree = "<group>";
		};
/* End PBXVariantGroup section */

/* Begin XCBuildConfiguration section */
		1E7A48D62A1F899B00785615 /* Debug */ = {
			isa = XCBuildConfiguration;
			buildSettings = {
				ALWAYS_SEARCH_USER_PATHS = NO;
				CLANG_ANALYZER_NONNULL = YES;
				CLANG_ANALYZER_NUMBER_OBJECT_CONVERSION = YES_AGGRESSIVE;
				CLANG_CXX_LANGUAGE_STANDARD = "gnu++20";
				CLANG_ENABLE_MODULES = YES;
				CLANG_ENABLE_OBJC_ARC = YES;
				CLANG_ENABLE_OBJC_WEAK = YES;
				CLANG_WARN_BLOCK_CAPTURE_AUTORELEASING = YES;
				CLANG_WARN_BOOL_CONVERSION = YES;
				CLANG_WARN_COMMA = YES;
				CLANG_WARN_CONSTANT_CONVERSION = YES;
				CLANG_WARN_DEPRECATED_OBJC_IMPLEMENTATIONS = YES;
				CLANG_WARN_DIRECT_OBJC_ISA_USAGE = YES_ERROR;
				CLANG_WARN_DOCUMENTATION_COMMENTS = YES;
				CLANG_WARN_EMPTY_BODY = YES;
				CLANG_WARN_ENUM_CONVERSION = YES;
				CLANG_WARN_INFINITE_RECURSION = YES;
				CLANG_WARN_INT_CONVERSION = YES;
				CLANG_WARN_NON_LITERAL_NULL_CONVERSION = YES;
				CLANG_WARN_OBJC_IMPLICIT_RETAIN_SELF = YES;
				CLANG_WARN_OBJC_LITERAL_CONVERSION = YES;
				CLANG_WARN_OBJC_ROOT_CLASS = YES_ERROR;
				CLANG_WARN_QUOTED_INCLUDE_IN_FRAMEWORK_HEADER = YES;
				CLANG_WARN_RANGE_LOOP_ANALYSIS = YES;
				CLANG_WARN_STRICT_PROTOTYPES = YES;
				CLANG_WARN_SUSPICIOUS_MOVE = YES;
				CLANG_WARN_UNGUARDED_AVAILABILITY = YES_AGGRESSIVE;
				CLANG_WARN_UNREACHABLE_CODE = YES;
				CLANG_WARN__DUPLICATE_METHOD_MATCH = YES;
				COPY_PHASE_STRIP = NO;
				DEBUG_INFORMATION_FORMAT = dwarf;
				ENABLE_STRICT_OBJC_MSGSEND = YES;
				ENABLE_TESTABILITY = YES;
				GCC_C_LANGUAGE_STANDARD = gnu11;
				GCC_DYNAMIC_NO_PIC = NO;
				GCC_NO_COMMON_BLOCKS = YES;
				GCC_OPTIMIZATION_LEVEL = 0;
				GCC_PREPROCESSOR_DEFINITIONS = (
					"DEBUG=1",
					"$(inherited)",
				);
				GCC_WARN_64_TO_32_BIT_CONVERSION = YES;
				GCC_WARN_ABOUT_RETURN_TYPE = YES_ERROR;
				GCC_WARN_UNDECLARED_SELECTOR = YES;
				GCC_WARN_UNINITIALIZED_AUTOS = YES_AGGRESSIVE;
				GCC_WARN_UNUSED_FUNCTION = YES;
				GCC_WARN_UNUSED_VARIABLE = YES;
				IPHONEOS_DEPLOYMENT_TARGET = 16.4;
				MTL_ENABLE_DEBUG_INFO = INCLUDE_SOURCE;
				MTL_FAST_MATH = YES;
				ONLY_ACTIVE_ARCH = YES;
				SDKROOT = iphoneos;
				SWIFT_ACTIVE_COMPILATION_CONDITIONS = DEBUG;
				SWIFT_OPTIMIZATION_LEVEL = "-Onone";
			};
			name = Debug;
		};
		1E7A48D72A1F899B00785615 /* Release */ = {
			isa = XCBuildConfiguration;
			buildSettings = {
				ALWAYS_SEARCH_USER_PATHS = NO;
				CLANG_ANALYZER_NONNULL = YES;
				CLANG_ANALYZER_NUMBER_OBJECT_CONVERSION = YES_AGGRESSIVE;
				CLANG_CXX_LANGUAGE_STANDARD = "gnu++20";
				CLANG_ENABLE_MODULES = YES;
				CLANG_ENABLE_OBJC_ARC = YES;
				CLANG_ENABLE_OBJC_WEAK = YES;
				CLANG_WARN_BLOCK_CAPTURE_AUTORELEASING = YES;
				CLANG_WARN_BOOL_CONVERSION = YES;
				CLANG_WARN_COMMA = YES;
				CLANG_WARN_CONSTANT_CONVERSION = YES;
				CLANG_WARN_DEPRECATED_OBJC_IMPLEMENTATIONS = YES;
				CLANG_WARN_DIRECT_OBJC_ISA_USAGE = YES_ERROR;
				CLANG_WARN_DOCUMENTATION_COMMENTS = YES;
				CLANG_WARN_EMPTY_BODY = YES;
				CLANG_WARN_ENUM_CONVERSION = YES;
				CLANG_WARN_INFINITE_RECURSION = YES;
				CLANG_WARN_INT_CONVERSION = YES;
				CLANG_WARN_NON_LITERAL_NULL_CONVERSION = YES;
				CLANG_WARN_OBJC_IMPLICIT_RETAIN_SELF = YES;
				CLANG_WARN_OBJC_LITERAL_CONVERSION = YES;
				CLANG_WARN_OBJC_ROOT_CLASS = YES_ERROR;
				CLANG_WARN_QUOTED_INCLUDE_IN_FRAMEWORK_HEADER = YES;
				CLANG_WARN_RANGE_LOOP_ANALYSIS = YES;
				CLANG_WARN_STRICT_PROTOTYPES = YES;
				CLANG_WARN_SUSPICIOUS_MOVE = YES;
				CLANG_WARN_UNGUARDED_AVAILABILITY = YES_AGGRESSIVE;
				CLANG_WARN_UNREACHABLE_CODE = YES;
				CLANG_WARN__DUPLICATE_METHOD_MATCH = YES;
				COPY_PHASE_STRIP = NO;
				DEBUG_INFORMATION_FORMAT = "dwarf-with-dsym";
				ENABLE_NS_ASSERTIONS = NO;
				ENABLE_STRICT_OBJC_MSGSEND = YES;
				GCC_C_LANGUAGE_STANDARD = gnu11;
				GCC_NO_COMMON_BLOCKS = YES;
				GCC_WARN_64_TO_32_BIT_CONVERSION = YES;
				GCC_WARN_ABOUT_RETURN_TYPE = YES_ERROR;
				GCC_WARN_UNDECLARED_SELECTOR = YES;
				GCC_WARN_UNINITIALIZED_AUTOS = YES_AGGRESSIVE;
				GCC_WARN_UNUSED_FUNCTION = YES;
				GCC_WARN_UNUSED_VARIABLE = YES;
				IPHONEOS_DEPLOYMENT_TARGET = 16.4;
				MTL_ENABLE_DEBUG_INFO = NO;
				MTL_FAST_MATH = YES;
				SDKROOT = iphoneos;
				SWIFT_COMPILATION_MODE = wholemodule;
				SWIFT_OPTIMIZATION_LEVEL = "-O";
				VALIDATE_PRODUCT = YES;
			};
			name = Release;
		};
		1E7A48D92A1F899B00785615 /* Debug */ = {
			isa = XCBuildConfiguration;
			baseConfigurationReference = 2B4EEC92A65B208449606B48 /* Pods-LogInLogUp.debug.xcconfig */;
			buildSettings = {
				ASSETCATALOG_COMPILER_APPICON_NAME = AppIcon;
				ASSETCATALOG_COMPILER_GLOBAL_ACCENT_COLOR_NAME = AccentColor;
				CODE_SIGN_STYLE = Automatic;
				CURRENT_PROJECT_VERSION = 1;
				DEVELOPMENT_TEAM = A8DD9HJC4H;
				GENERATE_INFOPLIST_FILE = YES;
				INFOPLIST_FILE = LogInLogUp/Info.plist;
				INFOPLIST_KEY_NSCameraUsageDescription = "Please allow access to take a picture for profile photo ";
				INFOPLIST_KEY_NSPhotoLibraryAddUsageDescription = "PLease allo access to pick the photo for profile picture";
				INFOPLIST_KEY_UIApplicationSupportsIndirectInputEvents = YES;
				INFOPLIST_KEY_UILaunchStoryboardName = LaunchScreen;
				INFOPLIST_KEY_UIMainStoryboardFile = Main;
				INFOPLIST_KEY_UISupportedInterfaceOrientations = UIInterfaceOrientationPortrait;
				INFOPLIST_KEY_UISupportedInterfaceOrientations_iPad = "UIInterfaceOrientationLandscapeLeft UIInterfaceOrientationLandscapeRight UIInterfaceOrientationPortrait UIInterfaceOrientationPortraitUpsideDown";
				INFOPLIST_KEY_UIUserInterfaceStyle = White;
				LD_RUNPATH_SEARCH_PATHS = (
					"$(inherited)",
					"@executable_path/Frameworks",
				);
				MARKETING_VERSION = 1.0;
				PRODUCT_BUNDLE_IDENTIFIER = yeskendiriskakov.kz.LogInLogUp;
				PRODUCT_NAME = "$(TARGET_NAME)";
				SWIFT_EMIT_LOC_STRINGS = YES;
				SWIFT_VERSION = 5.0;
				TARGETED_DEVICE_FAMILY = "1,2";
			};
			name = Debug;
		};
		1E7A48DA2A1F899B00785615 /* Release */ = {
			isa = XCBuildConfiguration;
			baseConfigurationReference = 7EFE637EC76C7A4F794988E3 /* Pods-LogInLogUp.release.xcconfig */;
			buildSettings = {
				ASSETCATALOG_COMPILER_APPICON_NAME = AppIcon;
				ASSETCATALOG_COMPILER_GLOBAL_ACCENT_COLOR_NAME = AccentColor;
				CODE_SIGN_STYLE = Automatic;
				CURRENT_PROJECT_VERSION = 1;
				DEVELOPMENT_TEAM = A8DD9HJC4H;
				GENERATE_INFOPLIST_FILE = YES;
				INFOPLIST_FILE = LogInLogUp/Info.plist;
				INFOPLIST_KEY_NSCameraUsageDescription = "Please allow access to take a picture for profile photo ";
				INFOPLIST_KEY_NSPhotoLibraryAddUsageDescription = "PLease allo access to pick the photo for profile picture";
				INFOPLIST_KEY_UIApplicationSupportsIndirectInputEvents = YES;
				INFOPLIST_KEY_UILaunchStoryboardName = LaunchScreen;
				INFOPLIST_KEY_UIMainStoryboardFile = Main;
				INFOPLIST_KEY_UISupportedInterfaceOrientations = UIInterfaceOrientationPortrait;
				INFOPLIST_KEY_UISupportedInterfaceOrientations_iPad = "UIInterfaceOrientationLandscapeLeft UIInterfaceOrientationLandscapeRight UIInterfaceOrientationPortrait UIInterfaceOrientationPortraitUpsideDown";
				INFOPLIST_KEY_UIUserInterfaceStyle = White;
				LD_RUNPATH_SEARCH_PATHS = (
					"$(inherited)",
					"@executable_path/Frameworks",
				);
				MARKETING_VERSION = 1.0;
				PRODUCT_BUNDLE_IDENTIFIER = yeskendiriskakov.kz.LogInLogUp;
				PRODUCT_NAME = "$(TARGET_NAME)";
				SWIFT_EMIT_LOC_STRINGS = YES;
				SWIFT_VERSION = 5.0;
				TARGETED_DEVICE_FAMILY = "1,2";
			};
			name = Release;
		};
/* End XCBuildConfiguration section */

/* Begin XCConfigurationList section */
		1E7A48BF2A1F899900785615 /* Build configuration list for PBXProject "LogInLogUp" */ = {
			isa = XCConfigurationList;
			buildConfigurations = (
				1E7A48D62A1F899B00785615 /* Debug */,
				1E7A48D72A1F899B00785615 /* Release */,
			);
			defaultConfigurationIsVisible = 0;
			defaultConfigurationName = Release;
		};
		1E7A48D82A1F899B00785615 /* Build configuration list for PBXNativeTarget "LogInLogUp" */ = {
			isa = XCConfigurationList;
			buildConfigurations = (
				1E7A48D92A1F899B00785615 /* Debug */,
				1E7A48DA2A1F899B00785615 /* Release */,
			);
			defaultConfigurationIsVisible = 0;
			defaultConfigurationName = Release;
		};
/* End XCConfigurationList section */
	};
	rootObject = 1E7A48BC2A1F899900785615 /* Project object */;
}
